# THIS IS AN AUTOGENERATED FILE. DO NOT EDIT THIS FILE DIRECTLY.
# yarn lockfile v1


uikit@^3.9.4:
  version "3.9.4"
  resolved "https://registry.yarnpkg.com/uikit/-/uikit-3.9.4.tgz#2565a5c0239f49d3a75bfa89c519d40c006e3c46"
  integrity sha512-mrOr/k3a/6/VBXgnqmQFg0l2ipZyoTpULZZgJ0RVHZz97HNrc28KQsb24pl8wxtw+BGpD39nfMhSmOznyOZuHw==
